// !$*UTF8*$!
{
	archiveVersion = 1;
	classes = {
	};
	objectVersion = 50;
	objects = {

/* Begin PBXBuildFile section */
		0046C2BE23D1993C006F526B /* ch17.swift in Sources */ = {isa = PBXBuildFile; fileRef = 0046C2BD23D1993C006F526B /* ch17.swift */; };
		0046C2C023D1A2BD006F526B /* ch14.swift in Sources */ = {isa = PBXBuildFile; fileRef = 0046C2BF23D1A2BD006F526B /* ch14.swift */; };
		004861C823CDE21100F1EECD /* Closure.swift in Sources */ = {isa = PBXBuildFile; fileRef = 004861C723CDE21100F1EECD /* Closure.swift */; };
		00488E2C23DF04FD004E862A /* ch18.swift in Sources */ = {isa = PBXBuildFile; fileRef = 00488E2B23DF04FD004E862A /* ch18.swift */; };
		00488E2E23DF16BC004E862A /* ch19.swift in Sources */ = {isa = PBXBuildFile; fileRef = 00488E2D23DF16BC004E862A /* ch19.swift */; };
		0049D91C23ACBC3B001EA74D /* main.swift in Sources */ = {isa = PBXBuildFile; fileRef = 0049D91B23ACBC3B001EA74D /* main.swift */; };
		0082893723C74C2800BB2134 /* InstanceMethod.swift in Sources */ = {isa = PBXBuildFile; fileRef = 0082893623C74C2800BB2134 /* InstanceMethod.swift */; };
		0082893923C751CA00BB2134 /* TypeMethod.swift in Sources */ = {isa = PBXBuildFile; fileRef = 0082893823C751CA00BB2134 /* TypeMethod.swift */; };
		00971F4223E16F5B003144DD /* ch20.swift in Sources */ = {isa = PBXBuildFile; fileRef = 00971F4123E16F5B003144DD /* ch20.swift */; };
		00971F4423E18E91003144DD /* ch21.swift in Sources */ = {isa = PBXBuildFile; fileRef = 00971F4323E18E91003144DD /* ch21.swift */; };
		00971F4623E1949F003144DD /* ch22.swift in Sources */ = {isa = PBXBuildFile; fileRef = 00971F4523E1949F003144DD /* ch22.swift */; };
/* End PBXBuildFile section */

/* Begin PBXCopyFilesBuildPhase section */
		0049D91623ACBC3B001EA74D /* CopyFiles */ = {
			isa = PBXCopyFilesBuildPhase;
			buildActionMask = 2147483647;
			dstPath = /usr/share/man/man1/;
			dstSubfolderSpec = 0;
			files = (
			);
			runOnlyForDeploymentPostprocessing = 1;
		};
/* End PBXCopyFilesBuildPhase section */

/* Begin PBXFileReference section */
		0046C2BD23D1993C006F526B /* ch17.swift */ = {isa = PBXFileReference; lastKnownFileType = sourcecode.swift; path = ch17.swift; sourceTree = "<group>"; };
		0046C2BF23D1A2BD006F526B /* ch14.swift */ = {isa = PBXFileReference; lastKnownFileType = sourcecode.swift; path = ch14.swift; sourceTree = "<group>"; };
		004861C723CDE21100F1EECD /* Closure.swift */ = {isa = PBXFileReference; lastKnownFileType = sourcecode.swift; path = Closure.swift; sourceTree = "<group>"; };
		00488E2B23DF04FD004E862A /* ch18.swift */ = {isa = PBXFileReference; lastKnownFileType = sourcecode.swift; path = ch18.swift; sourceTree = "<group>"; };
		00488E2D23DF16BC004E862A /* ch19.swift */ = {isa = PBXFileReference; lastKnownFileType = sourcecode.swift; path = ch19.swift; sourceTree = "<group>"; };
		0049D91823ACBC3B001EA74D /* Swift_Practice */ = {isa = PBXFileReference; explicitFileType = "compiled.mach-o.executable"; includeInIndex = 0; path = Swift_Practice; sourceTree = BUILT_PRODUCTS_DIR; };
		0049D91B23ACBC3B001EA74D /* main.swift */ = {isa = PBXFileReference; lastKnownFileType = sourcecode.swift; path = main.swift; sourceTree = "<group>"; };
		0082893623C74C2800BB2134 /* InstanceMethod.swift */ = {isa = PBXFileReference; lastKnownFileType = sourcecode.swift; path = InstanceMethod.swift; sourceTree = "<group>"; };
		0082893823C751CA00BB2134 /* TypeMethod.swift */ = {isa = PBXFileReference; lastKnownFileType = sourcecode.swift; path = TypeMethod.swift; sourceTree = "<group>"; };
		00971F4123E16F5B003144DD /* ch20.swift */ = {isa = PBXFileReference; lastKnownFileType = sourcecode.swift; path = ch20.swift; sourceTree = "<group>"; };
		00971F4323E18E91003144DD /* ch21.swift */ = {isa = PBXFileReference; lastKnownFileType = sourcecode.swift; path = ch21.swift; sourceTree = "<group>"; };
		00971F4523E1949F003144DD /* ch22.swift */ = {isa = PBXFileReference; lastKnownFileType = sourcecode.swift; path = ch22.swift; sourceTree = "<group>"; };
/* End PBXFileReference section */

/* Begin PBXFrameworksBuildPhase section */
		0049D91523ACBC3B001EA74D /* Frameworks */ = {
			isa = PBXFrameworksBuildPhase;
			buildActionMask = 2147483647;
			files = (
			);
			runOnlyForDeploymentPostprocessing = 0;
		};
/* End PBXFrameworksBuildPhase section */

/* Begin PBXGroup section */
		0049D90F23ACBC3B001EA74D = {
			isa = PBXGroup;
			children = (
				0049D91A23ACBC3B001EA74D /* Swift_Practice */,
				0049D91923ACBC3B001EA74D /* Products */,
			);
			sourceTree = "<group>";
		};
		0049D91923ACBC3B001EA74D /* Products */ = {
			isa = PBXGroup;
			children = (
				0049D91823ACBC3B001EA74D /* Swift_Practice */,
			);
			name = Products;
			sourceTree = "<group>";
		};
		0049D91A23ACBC3B001EA74D /* Swift_Practice */ = {
			isa = PBXGroup;
			children = (
				0049D91B23ACBC3B001EA74D /* main.swift */,
				0082893623C74C2800BB2134 /* InstanceMethod.swift */,
				0082893823C751CA00BB2134 /* TypeMethod.swift */,
				004861C723CDE21100F1EECD /* Closure.swift */,
				0046C2BD23D1993C006F526B /* ch17.swift */,
				0046C2BF23D1A2BD006F526B /* ch14.swift */,
				00488E2B23DF04FD004E862A /* ch18.swift */,
				00488E2D23DF16BC004E862A /* ch19.swift */,
				00971F4123E16F5B003144DD /* ch20.swift */,
				00971F4323E18E91003144DD /* ch21.swift */,
				00971F4523E1949F003144DD /* ch22.swift */,
			);
			path = Swift_Practice;
			sourceTree = "<group>";
		};
/* End PBXGroup section */

/* Begin PBXNativeTarget section */
		0049D91723ACBC3B001EA74D /* Swift_Practice */ = {
			isa = PBXNativeTarget;
			buildConfigurationList = 0049D91F23ACBC3B001EA74D /* Build configuration list for PBXNativeTarget "Swift_Practice" */;
			buildPhases = (
				0049D91423ACBC3B001EA74D /* Sources */,
				0049D91523ACBC3B001EA74D /* Frameworks */,
				0049D91623ACBC3B001EA74D /* CopyFiles */,
			);
			buildRules = (
			);
			dependencies = (
			);
			name = Swift_Practice;
			productName = Swift_1000;
			productReference = 0049D91823ACBC3B001EA74D /* Swift_Practice */;
			productType = "com.apple.product-type.tool";
		};
/* End PBXNativeTarget section */

/* Begin PBXProject section */
		0049D91023ACBC3B001EA74D /* Project object */ = {
			isa = PBXProject;
			attributes = {
				LastSwiftUpdateCheck = 1130;
				LastUpgradeCheck = 1130;
				ORGANIZATIONNAME = "최광현";
				TargetAttributes = {
					0049D91723ACBC3B001EA74D = {
						CreatedOnToolsVersion = 11.3;
					};
				};
			};
			buildConfigurationList = 0049D91323ACBC3B001EA74D /* Build configuration list for PBXProject "Swift_Practice" */;
			compatibilityVersion = "Xcode 9.3";
			developmentRegion = en;
			hasScannedForEncodings = 0;
			knownRegions = (
				en,
				Base,
			);
			mainGroup = 0049D90F23ACBC3B001EA74D;
			productRefGroup = 0049D91923ACBC3B001EA74D /* Products */;
			projectDirPath = "";
			projectRoot = "";
			targets = (
				0049D91723ACBC3B001EA74D /* Swift_Practice */,
			);
		};
/* End PBXProject section */

/* Begin PBXSourcesBuildPhase section */
		0049D91423ACBC3B001EA74D /* Sources */ = {
			isa = PBXSourcesBuildPhase;
			buildActionMask = 2147483647;
			files = (
				0049D91C23ACBC3B001EA74D /* main.swift in Sources */,
				0046C2C023D1A2BD006F526B /* ch14.swift in Sources */,
				00488E2E23DF16BC004E862A /* ch19.swift in Sources */,
				00971F4423E18E91003144DD /* ch21.swift in Sources */,
				004861C823CDE21100F1EECD /* Closure.swift in Sources */,
				00488E2C23DF04FD004E862A /* ch18.swift in Sources */,
				0082893923C751CA00BB2134 /* TypeMethod.swift in Sources */,
				0046C2BE23D1993C006F526B /* ch17.swift in Sources */,
				00971F4623E1949F003144DD /* ch22.swift in Sources */,
				00971F4223E16F5B003144DD /* ch20.swift in Sources */,
				0082893723C74C2800BB2134 /* InstanceMethod.swift in Sources */,
			);
			runOnlyForDeploymentPostprocessing = 0;
		};
/* End PBXSourcesBuildPhase section */

/* Begin XCBuildConfiguration section */
		0049D91D23ACBC3B001EA74D /* Debug */ = {
			isa = XCBuildConfiguration;
			buildSettings = {
				ALWAYS_SEARCH_USER_PATHS = NO;
				CLANG_ANALYZER_NONNULL = YES;
				CLANG_ANALYZER_NUMBER_OBJECT_CONVERSION = YES_AGGRESSIVE;
				CLANG_CXX_LANGUAGE_STANDARD = "gnu++14";
				CLANG_CXX_LIBRARY = "libc++";
				CLANG_ENABLE_MODULES = YES;
				CLANG_ENABLE_OBJC_ARC = YES;
				CLANG_ENABLE_OBJC_WEAK = YES;
				CLANG_WARN_BLOCK_CAPTURE_AUTORELEASING = YES;
				CLANG_WARN_BOOL_CONVERSION = YES;
				CLANG_WARN_COMMA = YES;
				CLANG_WARN_CONSTANT_CONVERSION = YES;
				CLANG_WARN_DEPRECATED_OBJC_IMPLEMENTATIONS = YES;
				CLANG_WARN_DIRECT_OBJC_ISA_USAGE = YES_ERROR;
				CLANG_WARN_DOCUMENTATION_COMMENTS = YES;
				CLANG_WARN_EMPTY_BODY = YES;
				CLANG_WARN_ENUM_CONVERSION = YES;
				CLANG_WARN_INFINITE_RECURSION = YES;
				CLANG_WARN_INT_CONVERSION = YES;
				CLANG_WARN_NON_LITERAL_NULL_CONVERSION = YES;
				CLANG_WARN_OBJC_IMPLICIT_RETAIN_SELF = YES;
				CLANG_WARN_OBJC_LITERAL_CONVERSION = YES;
				CLANG_WARN_OBJC_ROOT_CLASS = YES_ERROR;
				CLANG_WARN_RANGE_LOOP_ANALYSIS = YES;
				CLANG_WARN_STRICT_PROTOTYPES = YES;
				CLANG_WARN_SUSPICIOUS_MOVE = YES;
				CLANG_WARN_UNGUARDED_AVAILABILITY = YES_AGGRESSIVE;
				CLANG_WARN_UNREACHABLE_CODE = YES;
				CLANG_WARN__DUPLICATE_METHOD_MATCH = YES;
				COPY_PHASE_STRIP = NO;
				DEBUG_INFORMATION_FORMAT = dwarf;
				ENABLE_STRICT_OBJC_MSGSEND = YES;
				ENABLE_TESTABILITY = YES;
				GCC_C_LANGUAGE_STANDARD = gnu11;
				GCC_DYNAMIC_NO_PIC = NO;
				GCC_NO_COMMON_BLOCKS = YES;
				GCC_OPTIMIZATION_LEVEL = 0;
				GCC_PREPROCESSOR_DEFINITIONS = (
					"DEBUG=1",
					"$(inherited)",
				);
				GCC_WARN_64_TO_32_BIT_CONVERSION = YES;
				GCC_WARN_ABOUT_RETURN_TYPE = YES_ERROR;
				GCC_WARN_UNDECLARED_SELECTOR = YES;
				GCC_WARN_UNINITIALIZED_AUTOS = YES_AGGRESSIVE;
				GCC_WARN_UNUSED_FUNCTION = YES;
				GCC_WARN_UNUSED_VARIABLE = YES;
				MACOSX_DEPLOYMENT_TARGET = 10.15;
				MTL_ENABLE_DEBUG_INFO = INCLUDE_SOURCE;
				MTL_FAST_MATH = YES;
				ONLY_ACTIVE_ARCH = YES;
				SDKROOT = macosx;
				SWIFT_ACTIVE_COMPILATION_CONDITIONS = DEBUG;
				SWIFT_OPTIMIZATION_LEVEL = "-Onone";
			};
			name = Debug;
		};
		0049D91E23ACBC3B001EA74D /* Release */ = {
			isa = XCBuildConfiguration;
			buildSettings = {
				ALWAYS_SEARCH_USER_PATHS = NO;
				CLANG_ANALYZER_NONNULL = YES;
				CLANG_ANALYZER_NUMBER_OBJECT_CONVERSION = YES_AGGRESSIVE;
				CLANG_CXX_LANGUAGE_STANDARD = "gnu++14";
				CLANG_CXX_LIBRARY = "libc++";
				CLANG_ENABLE_MODULES = YES;
				CLANG_ENABLE_OBJC_ARC = YES;
				CLANG_ENABLE_OBJC_WEAK = YES;
				CLANG_WARN_BLOCK_CAPTURE_AUTORELEASING = YES;
				CLANG_WARN_BOOL_CONVERSION = YES;
				CLANG_WARN_COMMA = YES;
				CLANG_WARN_CONSTANT_CONVERSION = YES;
				CLANG_WARN_DEPRECATED_OBJC_IMPLEMENTATIONS = YES;
				CLANG_WARN_DIRECT_OBJC_ISA_USAGE = YES_ERROR;
				CLANG_WARN_DOCUMENTATION_COMMENTS = YES;
				CLANG_WARN_EMPTY_BODY = YES;
				CLANG_WARN_ENUM_CONVERSION = YES;
				CLANG_WARN_INFINITE_RECURSION = YES;
				CLANG_WARN_INT_CONVERSION = YES;
				CLANG_WARN_NON_LITERAL_NULL_CONVERSION = YES;
				CLANG_WARN_OBJC_IMPLICIT_RETAIN_SELF = YES;
				CLANG_WARN_OBJC_LITERAL_CONVERSION = YES;
				CLANG_WARN_OBJC_ROOT_CLASS = YES_ERROR;
				CLANG_WARN_RANGE_LOOP_ANALYSIS = YES;
				CLANG_WARN_STRICT_PROTOTYPES = YES;
				CLANG_WARN_SUSPICIOUS_MOVE = YES;
				CLANG_WARN_UNGUARDED_AVAILABILITY = YES_AGGRESSIVE;
				CLANG_WARN_UNREACHABLE_CODE = YES;
				CLANG_WARN__DUPLICATE_METHOD_MATCH = YES;
				COPY_PHASE_STRIP = NO;
				DEBUG_INFORMATION_FORMAT = "dwarf-with-dsym";
				ENABLE_NS_ASSERTIONS = NO;
				ENABLE_STRICT_OBJC_MSGSEND = YES;
				GCC_C_LANGUAGE_STANDARD = gnu11;
				GCC_NO_COMMON_BLOCKS = YES;
				GCC_WARN_64_TO_32_BIT_CONVERSION = YES;
				GCC_WARN_ABOUT_RETURN_TYPE = YES_ERROR;
				GCC_WARN_UNDECLARED_SELECTOR = YES;
				GCC_WARN_UNINITIALIZED_AUTOS = YES_AGGRESSIVE;
				GCC_WARN_UNUSED_FUNCTION = YES;
				GCC_WARN_UNUSED_VARIABLE = YES;
				MACOSX_DEPLOYMENT_TARGET = 10.15;
				MTL_ENABLE_DEBUG_INFO = NO;
				MTL_FAST_MATH = YES;
				SDKROOT = macosx;
				SWIFT_COMPILATION_MODE = wholemodule;
				SWIFT_OPTIMIZATION_LEVEL = "-O";
			};
			name = Release;
		};
		0049D92023ACBC3B001EA74D /* Debug */ = {
			isa = XCBuildConfiguration;
			buildSettings = {
				CODE_SIGN_STYLE = Automatic;
				PRODUCT_NAME = "$(TARGET_NAME)";
				SWIFT_VERSION = 5.0;
			};
			name = Debug;
		};
		0049D92123ACBC3B001EA74D /* Release */ = {
			isa = XCBuildConfiguration;
			buildSettings = {
				CODE_SIGN_STYLE = Automatic;
				PRODUCT_NAME = "$(TARGET_NAME)";
				SWIFT_VERSION = 5.0;
			};
			name = Release;
		};
/* End XCBuildConfiguration section */

/* Begin XCConfigurationList section */
		0049D91323ACBC3B001EA74D /* Build configuration list for PBXProject "Swift_Practice" */ = {
			isa = XCConfigurationList;
			buildConfigurations = (
				0049D91D23ACBC3B001EA74D /* Debug */,
				0049D91E23ACBC3B001EA74D /* Release */,
			);
			defaultConfigurationIsVisible = 0;
			defaultConfigurationName = Release;
		};
		0049D91F23ACBC3B001EA74D /* Build configuration list for PBXNativeTarget "Swift_Practice" */ = {
			isa = XCConfigurationList;
			buildConfigurations = (
				0049D92023ACBC3B001EA74D /* Debug */,
				0049D92123ACBC3B001EA74D /* Release */,
			);
			defaultConfigurationIsVisible = 0;
			defaultConfigurationName = Release;
		};
/* End XCConfigurationList section */
	};
	rootObject = 0049D91023ACBC3B001EA74D /* Project object */;
}
